
Microsoft Visual Studio Solution File, Format Version 12.00
# Visual Studio Version 17
VisualStudioVersion = 17.1.32210.238
MinimumVisualStudioVersion = 10.0.40219.1
Project("{FAE04EC0-301F-11D3-BF4B-00C04F79EFBC}") = "GestãodeEquipamentos.ConsoleApp", "GestãodeEquipamentos.ConsoleApp\GestãodeEquipamentos.ConsoleApp.csproj", "{EC516A67-1744-4687-9640-11D10C166046}"
EndProject
Global
	GlobalSection(SolutionConfigurationPlatforms) = preSolution
		Debug|Any CPU = Debug|Any CPU
		Release|Any CPU = Release|Any CPU
	EndGlobalSection
	GlobalSection(ProjectConfigurationPlatforms) = postSolution
		{EC516A67-1744-4687-9640-11D10C166046}.Debug|Any CPU.ActiveCfg = Debug|Any CPU
		{EC516A67-1744-4687-9640-11D10C166046}.Debug|Any CPU.Build.0 = Debug|Any CPU
		{EC516A67-1744-4687-9640-11D10C166046}.Release|Any CPU.ActiveCfg = Release|Any CPU
		{EC516A67-1744-4687-9640-11D10C166046}.Release|Any CPU.Build.0 = Release|Any CPU
	EndGlobalSection
	GlobalSection(SolutionProperties) = preSolution
		HideSolutionNode = FALSE
	EndGlobalSection
	GlobalSection(ExtensibilityGlobals) = postSolution
		SolutionGuid = {25C90DF8-49CA-418C-8A38-FF9C8EFFD713}
	EndGlobalSection
EndGlobal
